// !$*UTF8*$!
{
	archiveVersion = 1;
	classes = {
	};
	objectVersion = 56;
	objects = {

/* Begin PBXBuildFile section */
		8A0CE66E2CEAADB100A3C2CF /* LineGraphSample.swift in Sources */ = {isa = PBXBuildFile; fileRef = 8A0CE66D2CEAADB100A3C2CF /* LineGraphSample.swift */; };
		8A0CE6702CEAB40500A3C2CF /* GraphSampleViewModel.swift in Sources */ = {isa = PBXBuildFile; fileRef = 8A0CE66F2CEAB40500A3C2CF /* GraphSampleViewModel.swift */; };
		8A0CE6722CEAB42900A3C2CF /* GraphSampleSalesData.swift in Sources */ = {isa = PBXBuildFile; fileRef = 8A0CE6712CEAB42900A3C2CF /* GraphSampleSalesData.swift */; };
		8A0CE6742CEAD9E300A3C2CF /* BarGraphSample.swift in Sources */ = {isa = PBXBuildFile; fileRef = 8A0CE6732CEAD9E300A3C2CF /* BarGraphSample.swift */; };
		8A0CE6772CEAE76500A3C2CF /* ProductFormView.swift in Sources */ = {isa = PBXBuildFile; fileRef = 8A0CE6762CEAE76500A3C2CF /* ProductFormView.swift */; };
		8A0CE6792CEAE79700A3C2CF /* ProductListView.swift in Sources */ = {isa = PBXBuildFile; fileRef = 8A0CE6782CEAE79700A3C2CF /* ProductListView.swift */; };
		8A0CE67B2CEBD39600A3C2CF /* ProductListViewModel.swift in Sources */ = {isa = PBXBuildFile; fileRef = 8A0CE67A2CEBD39500A3C2CF /* ProductListViewModel.swift */; };
		8A0CE6802CEBE19700A3C2CF /* Alamofire in Frameworks */ = {isa = PBXBuildFile; productRef = 8A0CE67F2CEBE19700A3C2CF /* Alamofire */; };
		8A0CE6862CEBE55C00A3C2CF /* ProductFormViewModel.swift in Sources */ = {isa = PBXBuildFile; fileRef = 8A0CE6852CEBE55C00A3C2CF /* ProductFormViewModel.swift */; };
		8A0CE6892CEBE59500A3C2CF /* NetworkManager.swift in Sources */ = {isa = PBXBuildFile; fileRef = 8A0CE6882CEBE59500A3C2CF /* NetworkManager.swift */; };
		8A0CE68C2CEBEBB500A3C2CF /* ProductDTO.swift in Sources */ = {isa = PBXBuildFile; fileRef = 8A0CE68B2CEBEBB500A3C2CF /* ProductDTO.swift */; };
		8A0CE68E2CEC028400A3C2CF /* FormTitle.swift in Sources */ = {isa = PBXBuildFile; fileRef = 8A0CE68D2CEC028400A3C2CF /* FormTitle.swift */; };
		8AE56E592CE547C80072CEF3 /* SwiftUICombineApp.swift in Sources */ = {isa = PBXBuildFile; fileRef = 8AE56E582CE547C80072CEF3 /* SwiftUICombineApp.swift */; };
		8AE56E5B2CE547C80072CEF3 /* ContentView.swift in Sources */ = {isa = PBXBuildFile; fileRef = 8AE56E5A2CE547C80072CEF3 /* ContentView.swift */; };
		8AE56E5D2CE547CB0072CEF3 /* Assets.xcassets in Resources */ = {isa = PBXBuildFile; fileRef = 8AE56E5C2CE547CB0072CEF3 /* Assets.xcassets */; };
		8AE56E602CE547CB0072CEF3 /* Preview Assets.xcassets in Resources */ = {isa = PBXBuildFile; fileRef = 8AE56E5F2CE547CB0072CEF3 /* Preview Assets.xcassets */; };
		8AE56E622CE547CB0072CEF3 /* Persistence.swift in Sources */ = {isa = PBXBuildFile; fileRef = 8AE56E612CE547CB0072CEF3 /* Persistence.swift */; };
		8AE56E652CE547CB0072CEF3 /* SwiftUICombine.xcdatamodeld in Sources */ = {isa = PBXBuildFile; fileRef = 8AE56E632CE547CB0072CEF3 /* SwiftUICombine.xcdatamodeld */; };
		8AE56E6F2CE547CB0072CEF3 /* SwiftUICombineTests.swift in Sources */ = {isa = PBXBuildFile; fileRef = 8AE56E6E2CE547CB0072CEF3 /* SwiftUICombineTests.swift */; };
		8AE56E792CE547CB0072CEF3 /* SwiftUICombineUITests.swift in Sources */ = {isa = PBXBuildFile; fileRef = 8AE56E782CE547CB0072CEF3 /* SwiftUICombineUITests.swift */; };
		8AE56E7B2CE547CB0072CEF3 /* SwiftUICombineUITestsLaunchTests.swift in Sources */ = {isa = PBXBuildFile; fileRef = 8AE56E7A2CE547CB0072CEF3 /* SwiftUICombineUITestsLaunchTests.swift */; };
		8AE56E892CE552410072CEF3 /* JustExampleView.swift in Sources */ = {isa = PBXBuildFile; fileRef = 8AE56E882CE552410072CEF3 /* JustExampleView.swift */; };
		8AE56E8B2CE55C840072CEF3 /* SequencePublisherView.swift in Sources */ = {isa = PBXBuildFile; fileRef = 8AE56E8A2CE55C840072CEF3 /* SequencePublisherView.swift */; };
		8AE56E8D2CE58C9E0072CEF3 /* PassthroughSubjectView.swift in Sources */ = {isa = PBXBuildFile; fileRef = 8AE56E8C2CE58C9D0072CEF3 /* PassthroughSubjectView.swift */; };
		8AE56E8F2CE5911F0072CEF3 /* CurrentValueSubjectView.swift in Sources */ = {isa = PBXBuildFile; fileRef = 8AE56E8E2CE5911F0072CEF3 /* CurrentValueSubjectView.swift */; };
		8AE56E912CE595680072CEF3 /* DeferredExampleView.swift in Sources */ = {isa = PBXBuildFile; fileRef = 8AE56E902CE595680072CEF3 /* DeferredExampleView.swift */; };
		8AE56E932CE5AF230072CEF3 /* MapExampleView.swift in Sources */ = {isa = PBXBuildFile; fileRef = 8AE56E922CE5AF230072CEF3 /* MapExampleView.swift */; };
		8AE56E952CE5B8880072CEF3 /* FlatMapExampleView.swift in Sources */ = {isa = PBXBuildFile; fileRef = 8AE56E942CE5B8880072CEF3 /* FlatMapExampleView.swift */; };
		8AE56E972CE5BC120072CEF3 /* FilterExampleView.swift in Sources */ = {isa = PBXBuildFile; fileRef = 8AE56E962CE5BC120072CEF3 /* FilterExampleView.swift */; };
		8AE56E9B2CE686DF0072CEF3 /* RemoveDuplicatesExampleView.swift in Sources */ = {isa = PBXBuildFile; fileRef = 8AE56E9A2CE686DF0072CEF3 /* RemoveDuplicatesExampleView.swift */; };
		8AE56E9D2CE691450072CEF3 /* CompactMapExampleView.swift in Sources */ = {isa = PBXBuildFile; fileRef = 8AE56E9C2CE691450072CEF3 /* CompactMapExampleView.swift */; };
		8AE56E9F2CE6A9670072CEF3 /* FormExampleView.swift in Sources */ = {isa = PBXBuildFile; fileRef = 8AE56E9E2CE6A9670072CEF3 /* FormExampleView.swift */; };
		8AE56EA22CE6D5A20072CEF3 /* FormTextField.swift in Sources */ = {isa = PBXBuildFile; fileRef = 8AE56EA12CE6D5A20072CEF3 /* FormTextField.swift */; };
		8AE56EA42CE6D7130072CEF3 /* FormButton.swift in Sources */ = {isa = PBXBuildFile; fileRef = 8AE56EA32CE6D7130072CEF3 /* FormButton.swift */; };
		8AE56EA62CE6EF5C0072CEF3 /* FormErrorMessage.swift in Sources */ = {isa = PBXBuildFile; fileRef = 8AE56EA52CE6EF5C0072CEF3 /* FormErrorMessage.swift */; };
		8AE56EA92CE6F45F0072CEF3 /* String+Extensions.swift in Sources */ = {isa = PBXBuildFile; fileRef = 8AE56EA82CE6F45F0072CEF3 /* String+Extensions.swift */; };
		8AE56EAB2CE6F8730072CEF3 /* FormExampleViewModel.swift in Sources */ = {isa = PBXBuildFile; fileRef = 8AE56EAA2CE6F8730072CEF3 /* FormExampleViewModel.swift */; };
/* End PBXBuildFile section */

/* Begin PBXContainerItemProxy section */
		8AE56E6B2CE547CB0072CEF3 /* PBXContainerItemProxy */ = {
			isa = PBXContainerItemProxy;
			containerPortal = 8AE56E4D2CE547C80072CEF3 /* Project object */;
			proxyType = 1;
			remoteGlobalIDString = 8AE56E542CE547C80072CEF3;
			remoteInfo = SwiftUICombine;
		};
		8AE56E752CE547CB0072CEF3 /* PBXContainerItemProxy */ = {
			isa = PBXContainerItemProxy;
			containerPortal = 8AE56E4D2CE547C80072CEF3 /* Project object */;
			proxyType = 1;
			remoteGlobalIDString = 8AE56E542CE547C80072CEF3;
			remoteInfo = SwiftUICombine;
		};
/* End PBXContainerItemProxy section */

/* Begin PBXCopyFilesBuildPhase section */
		8A0CE6842CEBE19700A3C2CF /* Embed Frameworks */ = {
			isa = PBXCopyFilesBuildPhase;
			buildActionMask = 2147483647;
			dstPath = "";
			dstSubfolderSpec = 10;
			files = (
			);
			name = "Embed Frameworks";
			runOnlyForDeploymentPostprocessing = 0;
		};
/* End PBXCopyFilesBuildPhase section */

/* Begin PBXFileReference section */
		8A0CE66D2CEAADB100A3C2CF /* LineGraphSample.swift */ = {isa = PBXFileReference; lastKnownFileType = sourcecode.swift; path = LineGraphSample.swift; sourceTree = "<group>"; };
		8A0CE66F2CEAB40500A3C2CF /* GraphSampleViewModel.swift */ = {isa = PBXFileReference; lastKnownFileType = sourcecode.swift; path = GraphSampleViewModel.swift; sourceTree = "<group>"; };
		8A0CE6712CEAB42900A3C2CF /* GraphSampleSalesData.swift */ = {isa = PBXFileReference; lastKnownFileType = sourcecode.swift; path = GraphSampleSalesData.swift; sourceTree = "<group>"; };
		8A0CE6732CEAD9E300A3C2CF /* BarGraphSample.swift */ = {isa = PBXFileReference; lastKnownFileType = sourcecode.swift; path = BarGraphSample.swift; sourceTree = "<group>"; };
		8A0CE6762CEAE76500A3C2CF /* ProductFormView.swift */ = {isa = PBXFileReference; lastKnownFileType = sourcecode.swift; path = ProductFormView.swift; sourceTree = "<group>"; };
		8A0CE6782CEAE79700A3C2CF /* ProductListView.swift */ = {isa = PBXFileReference; lastKnownFileType = sourcecode.swift; path = ProductListView.swift; sourceTree = "<group>"; };
		8A0CE67A2CEBD39500A3C2CF /* ProductListViewModel.swift */ = {isa = PBXFileReference; lastKnownFileType = sourcecode.swift; path = ProductListViewModel.swift; sourceTree = "<group>"; };
		8A0CE67D2CEBE18F00A3C2CF /* Info.plist */ = {isa = PBXFileReference; lastKnownFileType = text.plist; path = Info.plist; sourceTree = "<group>"; };
		8A0CE6852CEBE55C00A3C2CF /* ProductFormViewModel.swift */ = {isa = PBXFileReference; lastKnownFileType = sourcecode.swift; path = ProductFormViewModel.swift; sourceTree = "<group>"; };
		8A0CE6882CEBE59500A3C2CF /* NetworkManager.swift */ = {isa = PBXFileReference; lastKnownFileType = sourcecode.swift; path = NetworkManager.swift; sourceTree = "<group>"; };
		8A0CE68B2CEBEBB500A3C2CF /* ProductDTO.swift */ = {isa = PBXFileReference; lastKnownFileType = sourcecode.swift; path = ProductDTO.swift; sourceTree = "<group>"; };
		8A0CE68D2CEC028400A3C2CF /* FormTitle.swift */ = {isa = PBXFileReference; lastKnownFileType = sourcecode.swift; path = FormTitle.swift; sourceTree = "<group>"; };
		8AE56E552CE547C80072CEF3 /* SwiftUICombine.app */ = {isa = PBXFileReference; explicitFileType = wrapper.application; includeInIndex = 0; path = SwiftUICombine.app; sourceTree = BUILT_PRODUCTS_DIR; };
		8AE56E582CE547C80072CEF3 /* SwiftUICombineApp.swift */ = {isa = PBXFileReference; lastKnownFileType = sourcecode.swift; path = SwiftUICombineApp.swift; sourceTree = "<group>"; };
		8AE56E5A2CE547C80072CEF3 /* ContentView.swift */ = {isa = PBXFileReference; lastKnownFileType = sourcecode.swift; path = ContentView.swift; sourceTree = "<group>"; };
		8AE56E5C2CE547CB0072CEF3 /* Assets.xcassets */ = {isa = PBXFileReference; lastKnownFileType = folder.assetcatalog; path = Assets.xcassets; sourceTree = "<group>"; };
		8AE56E5F2CE547CB0072CEF3 /* Preview Assets.xcassets */ = {isa = PBXFileReference; lastKnownFileType = folder.assetcatalog; path = "Preview Assets.xcassets"; sourceTree = "<group>"; };
		8AE56E612CE547CB0072CEF3 /* Persistence.swift */ = {isa = PBXFileReference; lastKnownFileType = sourcecode.swift; path = Persistence.swift; sourceTree = "<group>"; };
		8AE56E642CE547CB0072CEF3 /* SwiftUICombine.xcdatamodel */ = {isa = PBXFileReference; lastKnownFileType = wrapper.xcdatamodel; path = SwiftUICombine.xcdatamodel; sourceTree = "<group>"; };
		8AE56E6A2CE547CB0072CEF3 /* SwiftUICombineTests.xctest */ = {isa = PBXFileReference; explicitFileType = wrapper.cfbundle; includeInIndex = 0; path = SwiftUICombineTests.xctest; sourceTree = BUILT_PRODUCTS_DIR; };
		8AE56E6E2CE547CB0072CEF3 /* SwiftUICombineTests.swift */ = {isa = PBXFileReference; lastKnownFileType = sourcecode.swift; path = SwiftUICombineTests.swift; sourceTree = "<group>"; };
		8AE56E742CE547CB0072CEF3 /* SwiftUICombineUITests.xctest */ = {isa = PBXFileReference; explicitFileType = wrapper.cfbundle; includeInIndex = 0; path = SwiftUICombineUITests.xctest; sourceTree = BUILT_PRODUCTS_DIR; };
		8AE56E782CE547CB0072CEF3 /* SwiftUICombineUITests.swift */ = {isa = PBXFileReference; lastKnownFileType = sourcecode.swift; path = SwiftUICombineUITests.swift; sourceTree = "<group>"; };
		8AE56E7A2CE547CB0072CEF3 /* SwiftUICombineUITestsLaunchTests.swift */ = {isa = PBXFileReference; lastKnownFileType = sourcecode.swift; path = SwiftUICombineUITestsLaunchTests.swift; sourceTree = "<group>"; };
		8AE56E882CE552410072CEF3 /* JustExampleView.swift */ = {isa = PBXFileReference; lastKnownFileType = sourcecode.swift; path = JustExampleView.swift; sourceTree = "<group>"; };
		8AE56E8A2CE55C840072CEF3 /* SequencePublisherView.swift */ = {isa = PBXFileReference; lastKnownFileType = sourcecode.swift; path = SequencePublisherView.swift; sourceTree = "<group>"; };
		8AE56E8C2CE58C9D0072CEF3 /* PassthroughSubjectView.swift */ = {isa = PBXFileReference; lastKnownFileType = sourcecode.swift; path = PassthroughSubjectView.swift; sourceTree = "<group>"; };
		8AE56E8E2CE5911F0072CEF3 /* CurrentValueSubjectView.swift */ = {isa = PBXFileReference; lastKnownFileType = sourcecode.swift; path = CurrentValueSubjectView.swift; sourceTree = "<group>"; };
		8AE56E902CE595680072CEF3 /* DeferredExampleView.swift */ = {isa = PBXFileReference; lastKnownFileType = sourcecode.swift; path = DeferredExampleView.swift; sourceTree = "<group>"; };
		8AE56E922CE5AF230072CEF3 /* MapExampleView.swift */ = {isa = PBXFileReference; lastKnownFileType = sourcecode.swift; path = MapExampleView.swift; sourceTree = "<group>"; };
		8AE56E942CE5B8880072CEF3 /* FlatMapExampleView.swift */ = {isa = PBXFileReference; lastKnownFileType = sourcecode.swift; path = FlatMapExampleView.swift; sourceTree = "<group>"; };
		8AE56E962CE5BC120072CEF3 /* FilterExampleView.swift */ = {isa = PBXFileReference; lastKnownFileType = sourcecode.swift; path = FilterExampleView.swift; sourceTree = "<group>"; };
		8AE56E9A2CE686DF0072CEF3 /* RemoveDuplicatesExampleView.swift */ = {isa = PBXFileReference; lastKnownFileType = sourcecode.swift; path = RemoveDuplicatesExampleView.swift; sourceTree = "<group>"; };
		8AE56E9C2CE691450072CEF3 /* CompactMapExampleView.swift */ = {isa = PBXFileReference; lastKnownFileType = sourcecode.swift; path = CompactMapExampleView.swift; sourceTree = "<group>"; };
		8AE56E9E2CE6A9670072CEF3 /* FormExampleView.swift */ = {isa = PBXFileReference; lastKnownFileType = sourcecode.swift; path = FormExampleView.swift; sourceTree = "<group>"; };
		8AE56EA12CE6D5A20072CEF3 /* FormTextField.swift */ = {isa = PBXFileReference; lastKnownFileType = sourcecode.swift; path = FormTextField.swift; sourceTree = "<group>"; };
		8AE56EA32CE6D7130072CEF3 /* FormButton.swift */ = {isa = PBXFileReference; lastKnownFileType = sourcecode.swift; path = FormButton.swift; sourceTree = "<group>"; };
		8AE56EA52CE6EF5C0072CEF3 /* FormErrorMessage.swift */ = {isa = PBXFileReference; lastKnownFileType = sourcecode.swift; path = FormErrorMessage.swift; sourceTree = "<group>"; };
		8AE56EA82CE6F45F0072CEF3 /* String+Extensions.swift */ = {isa = PBXFileReference; lastKnownFileType = sourcecode.swift; path = "String+Extensions.swift"; sourceTree = "<group>"; };
		8AE56EAA2CE6F8730072CEF3 /* FormExampleViewModel.swift */ = {isa = PBXFileReference; lastKnownFileType = sourcecode.swift; path = FormExampleViewModel.swift; sourceTree = "<group>"; };
/* End PBXFileReference section */

/* Begin PBXFrameworksBuildPhase section */
		8AE56E522CE547C80072CEF3 /* Frameworks */ = {
			isa = PBXFrameworksBuildPhase;
			buildActionMask = 2147483647;
			files = (
				8A0CE6802CEBE19700A3C2CF /* Alamofire in Frameworks */,
			);
			runOnlyForDeploymentPostprocessing = 0;
		};
		8AE56E672CE547CB0072CEF3 /* Frameworks */ = {
			isa = PBXFrameworksBuildPhase;
			buildActionMask = 2147483647;
			files = (
			);
			runOnlyForDeploymentPostprocessing = 0;
		};
		8AE56E712CE547CB0072CEF3 /* Frameworks */ = {
			isa = PBXFrameworksBuildPhase;
			buildActionMask = 2147483647;
			files = (
			);
			runOnlyForDeploymentPostprocessing = 0;
		};
/* End PBXFrameworksBuildPhase section */

/* Begin PBXGroup section */
		8A0CE66B2CEAA87100A3C2CF /* GraphSample */ = {
			isa = PBXGroup;
			children = (
				8A0CE66D2CEAADB100A3C2CF /* LineGraphSample.swift */,
				8A0CE66F2CEAB40500A3C2CF /* GraphSampleViewModel.swift */,
				8A0CE6712CEAB42900A3C2CF /* GraphSampleSalesData.swift */,
				8A0CE6732CEAD9E300A3C2CF /* BarGraphSample.swift */,
			);
			path = GraphSample;
			sourceTree = "<group>";
		};
		8A0CE6752CEAE72000A3C2CF /* CRUDSample */ = {
			isa = PBXGroup;
			children = (
				8A0CE6762CEAE76500A3C2CF /* ProductFormView.swift */,
				8A0CE6852CEBE55C00A3C2CF /* ProductFormViewModel.swift */,
				8A0CE6782CEAE79700A3C2CF /* ProductListView.swift */,
				8A0CE67A2CEBD39500A3C2CF /* ProductListViewModel.swift */,
				8A0CE68B2CEBEBB500A3C2CF /* ProductDTO.swift */,
			);
			path = CRUDSample;
			sourceTree = "<group>";
		};
		8A0CE67E2CEBE19700A3C2CF /* Frameworks */ = {
			isa = PBXGroup;
			children = (
			);
			name = Frameworks;
			sourceTree = "<group>";
		};
		8A0CE6872CEBE56700A3C2CF /* Utils */ = {
			isa = PBXGroup;
			children = (
				8A0CE6882CEBE59500A3C2CF /* NetworkManager.swift */,
			);
			path = Utils;
			sourceTree = "<group>";
		};
		8AE56E4C2CE547C80072CEF3 = {
			isa = PBXGroup;
			children = (
				8AE56E572CE547C80072CEF3 /* SwiftUICombine */,
				8AE56E6D2CE547CB0072CEF3 /* SwiftUICombineTests */,
				8AE56E772CE547CB0072CEF3 /* SwiftUICombineUITests */,
				8AE56E562CE547C80072CEF3 /* Products */,
				8A0CE67E2CEBE19700A3C2CF /* Frameworks */,
			);
			sourceTree = "<group>";
		};
		8AE56E562CE547C80072CEF3 /* Products */ = {
			isa = PBXGroup;
			children = (
				8AE56E552CE547C80072CEF3 /* SwiftUICombine.app */,
				8AE56E6A2CE547CB0072CEF3 /* SwiftUICombineTests.xctest */,
				8AE56E742CE547CB0072CEF3 /* SwiftUICombineUITests.xctest */,
			);
			name = Products;
			sourceTree = "<group>";
		};
		8AE56E572CE547C80072CEF3 /* SwiftUICombine */ = {
			isa = PBXGroup;
			children = (
				8A0CE67D2CEBE18F00A3C2CF /* Info.plist */,
				8A0CE6752CEAE72000A3C2CF /* CRUDSample */,
				8AE56EA72CE6F44E0072CEF3 /* Extensions */,
				8A0CE66B2CEAA87100A3C2CF /* GraphSample */,
				8AE56EA02CE6D5830072CEF3 /* FormSample */,
				8A0CE6872CEBE56700A3C2CF /* Utils */,
				8AE56E872CE552340072CEF3 /* Views */,
				8AE56E582CE547C80072CEF3 /* SwiftUICombineApp.swift */,
				8AE56E5A2CE547C80072CEF3 /* ContentView.swift */,
				8AE56E5C2CE547CB0072CEF3 /* Assets.xcassets */,
				8AE56E612CE547CB0072CEF3 /* Persistence.swift */,
				8AE56E632CE547CB0072CEF3 /* SwiftUICombine.xcdatamodeld */,
				8AE56E5E2CE547CB0072CEF3 /* Preview Content */,
			);
			path = SwiftUICombine;
			sourceTree = "<group>";
		};
		8AE56E5E2CE547CB0072CEF3 /* Preview Content */ = {
			isa = PBXGroup;
			children = (
				8AE56E5F2CE547CB0072CEF3 /* Preview Assets.xcassets */,
			);
			path = "Preview Content";
			sourceTree = "<group>";
		};
		8AE56E6D2CE547CB0072CEF3 /* SwiftUICombineTests */ = {
			isa = PBXGroup;
			children = (
				8AE56E6E2CE547CB0072CEF3 /* SwiftUICombineTests.swift */,
			);
			path = SwiftUICombineTests;
			sourceTree = "<group>";
		};
		8AE56E772CE547CB0072CEF3 /* SwiftUICombineUITests */ = {
			isa = PBXGroup;
			children = (
				8AE56E782CE547CB0072CEF3 /* SwiftUICombineUITests.swift */,
				8AE56E7A2CE547CB0072CEF3 /* SwiftUICombineUITestsLaunchTests.swift */,
			);
			path = SwiftUICombineUITests;
			sourceTree = "<group>";
		};
		8AE56E872CE552340072CEF3 /* Views */ = {
			isa = PBXGroup;
			children = (
				8AE56E882CE552410072CEF3 /* JustExampleView.swift */,
				8AE56E8A2CE55C840072CEF3 /* SequencePublisherView.swift */,
				8AE56E8C2CE58C9D0072CEF3 /* PassthroughSubjectView.swift */,
				8AE56E8E2CE5911F0072CEF3 /* CurrentValueSubjectView.swift */,
				8AE56E902CE595680072CEF3 /* DeferredExampleView.swift */,
				8AE56E922CE5AF230072CEF3 /* MapExampleView.swift */,
				8AE56E942CE5B8880072CEF3 /* FlatMapExampleView.swift */,
				8AE56E962CE5BC120072CEF3 /* FilterExampleView.swift */,
				8AE56E9A2CE686DF0072CEF3 /* RemoveDuplicatesExampleView.swift */,
				8AE56E9C2CE691450072CEF3 /* CompactMapExampleView.swift */,
			);
			path = Views;
			sourceTree = "<group>";
		};
		8AE56EA02CE6D5830072CEF3 /* FormSample */ = {
			isa = PBXGroup;
			children = (
				8AE56E9E2CE6A9670072CEF3 /* FormExampleView.swift */,
				8AE56EA12CE6D5A20072CEF3 /* FormTextField.swift */,
				8AE56EA32CE6D7130072CEF3 /* FormButton.swift */,
				8AE56EA52CE6EF5C0072CEF3 /* FormErrorMessage.swift */,
				8AE56EAA2CE6F8730072CEF3 /* FormExampleViewModel.swift */,
				8A0CE68D2CEC028400A3C2CF /* FormTitle.swift */,
			);
			path = FormSample;
			sourceTree = "<group>";
		};
		8AE56EA72CE6F44E0072CEF3 /* Extensions */ = {
			isa = PBXGroup;
			children = (
				8AE56EA82CE6F45F0072CEF3 /* String+Extensions.swift */,
			);
			path = Extensions;
			sourceTree = "<group>";
		};
/* End PBXGroup section */

/* Begin PBXNativeTarget section */
		8AE56E542CE547C80072CEF3 /* SwiftUICombine */ = {
			isa = PBXNativeTarget;
			buildConfigurationList = 8AE56E7E2CE547CB0072CEF3 /* Build configuration list for PBXNativeTarget "SwiftUICombine" */;
			buildPhases = (
				8AE56E512CE547C80072CEF3 /* Sources */,
				8AE56E522CE547C80072CEF3 /* Frameworks */,
				8AE56E532CE547C80072CEF3 /* Resources */,
				8A0CE6842CEBE19700A3C2CF /* Embed Frameworks */,
			);
			buildRules = (
			);
			dependencies = (
			);
			name = SwiftUICombine;
			packageProductDependencies = (
				8A0CE67F2CEBE19700A3C2CF /* Alamofire */,
			);
			productName = SwiftUICombine;
			productReference = 8AE56E552CE547C80072CEF3 /* SwiftUICombine.app */;
			productType = "com.apple.product-type.application";
		};
		8AE56E692CE547CB0072CEF3 /* SwiftUICombineTests */ = {
			isa = PBXNativeTarget;
			buildConfigurationList = 8AE56E812CE547CB0072CEF3 /* Build configuration list for PBXNativeTarget "SwiftUICombineTests" */;
			buildPhases = (
				8AE56E662CE547CB0072CEF3 /* Sources */,
				8AE56E672CE547CB0072CEF3 /* Frameworks */,
				8AE56E682CE547CB0072CEF3 /* Resources */,
			);
			buildRules = (
			);
			dependencies = (
				8AE56E6C2CE547CB0072CEF3 /* PBXTargetDependency */,
			);
			name = SwiftUICombineTests;
			productName = SwiftUICombineTests;
			productReference = 8AE56E6A2CE547CB0072CEF3 /* SwiftUICombineTests.xctest */;
			productType = "com.apple.product-type.bundle.unit-test";
		};
		8AE56E732CE547CB0072CEF3 /* SwiftUICombineUITests */ = {
			isa = PBXNativeTarget;
			buildConfigurationList = 8AE56E842CE547CB0072CEF3 /* Build configuration list for PBXNativeTarget "SwiftUICombineUITests" */;
			buildPhases = (
				8AE56E702CE547CB0072CEF3 /* Sources */,
				8AE56E712CE547CB0072CEF3 /* Frameworks */,
				8AE56E722CE547CB0072CEF3 /* Resources */,
			);
			buildRules = (
			);
			dependencies = (
				8AE56E762CE547CB0072CEF3 /* PBXTargetDependency */,
			);
			name = SwiftUICombineUITests;
			productName = SwiftUICombineUITests;
			productReference = 8AE56E742CE547CB0072CEF3 /* SwiftUICombineUITests.xctest */;
			productType = "com.apple.product-type.bundle.ui-testing";
		};
/* End PBXNativeTarget section */

/* Begin PBXProject section */
		8AE56E4D2CE547C80072CEF3 /* Project object */ = {
			isa = PBXProject;
			attributes = {
				BuildIndependentTargetsInParallel = 1;
				LastSwiftUpdateCheck = 1540;
				LastUpgradeCheck = 1540;
				TargetAttributes = {
					8AE56E542CE547C80072CEF3 = {
						CreatedOnToolsVersion = 15.4;
					};
					8AE56E692CE547CB0072CEF3 = {
						CreatedOnToolsVersion = 15.4;
						TestTargetID = 8AE56E542CE547C80072CEF3;
					};
					8AE56E732CE547CB0072CEF3 = {
						CreatedOnToolsVersion = 15.4;
						TestTargetID = 8AE56E542CE547C80072CEF3;
					};
				};
			};
			buildConfigurationList = 8AE56E502CE547C80072CEF3 /* Build configuration list for PBXProject "SwiftUICombine" */;
			compatibilityVersion = "Xcode 14.0";
			developmentRegion = en;
			hasScannedForEncodings = 0;
			knownRegions = (
				en,
				Base,
			);
			mainGroup = 8AE56E4C2CE547C80072CEF3;
			packageReferences = (
				8A0CE67C2CEBE16200A3C2CF /* XCRemoteSwiftPackageReference "Alamofire" */,
			);
			productRefGroup = 8AE56E562CE547C80072CEF3 /* Products */;
			projectDirPath = "";
			projectRoot = "";
			targets = (
				8AE56E542CE547C80072CEF3 /* SwiftUICombine */,
				8AE56E692CE547CB0072CEF3 /* SwiftUICombineTests */,
				8AE56E732CE547CB0072CEF3 /* SwiftUICombineUITests */,
			);
		};
/* End PBXProject section */

/* Begin PBXResourcesBuildPhase section */
		8AE56E532CE547C80072CEF3 /* Resources */ = {
			isa = PBXResourcesBuildPhase;
			buildActionMask = 2147483647;
			files = (
				8AE56E602CE547CB0072CEF3 /* Preview Assets.xcassets in Resources */,
				8AE56E5D2CE547CB0072CEF3 /* Assets.xcassets in Resources */,
			);
			runOnlyForDeploymentPostprocessing = 0;
		};
		8AE56E682CE547CB0072CEF3 /* Resources */ = {
			isa = PBXResourcesBuildPhase;
			buildActionMask = 2147483647;
			files = (
			);
			runOnlyForDeploymentPostprocessing = 0;
		};
		8AE56E722CE547CB0072CEF3 /* Resources */ = {
			isa = PBXResourcesBuildPhase;
			buildActionMask = 2147483647;
			files = (
			);
			runOnlyForDeploymentPostprocessing = 0;
		};
/* End PBXResourcesBuildPhase section */

/* Begin PBXSourcesBuildPhase section */
		8AE56E512CE547C80072CEF3 /* Sources */ = {
			isa = PBXSourcesBuildPhase;
			buildActionMask = 2147483647;
			files = (
				8A0CE67B2CEBD39600A3C2CF /* ProductListViewModel.swift in Sources */,
				8AE56E9F2CE6A9670072CEF3 /* FormExampleView.swift in Sources */,
				8AE56E932CE5AF230072CEF3 /* MapExampleView.swift in Sources */,
				8AE56E892CE552410072CEF3 /* JustExampleView.swift in Sources */,
				8AE56E622CE547CB0072CEF3 /* Persistence.swift in Sources */,
				8AE56E5B2CE547C80072CEF3 /* ContentView.swift in Sources */,
				8A0CE6792CEAE79700A3C2CF /* ProductListView.swift in Sources */,
				8AE56EA42CE6D7130072CEF3 /* FormButton.swift in Sources */,
				8AE56E8F2CE5911F0072CEF3 /* CurrentValueSubjectView.swift in Sources */,
				8A0CE68C2CEBEBB500A3C2CF /* ProductDTO.swift in Sources */,
				8AE56E592CE547C80072CEF3 /* SwiftUICombineApp.swift in Sources */,
				8A0CE6862CEBE55C00A3C2CF /* ProductFormViewModel.swift in Sources */,
				8A0CE6742CEAD9E300A3C2CF /* BarGraphSample.swift in Sources */,
				8AE56E9D2CE691450072CEF3 /* CompactMapExampleView.swift in Sources */,
				8A0CE6772CEAE76500A3C2CF /* ProductFormView.swift in Sources */,
				8A0CE6892CEBE59500A3C2CF /* NetworkManager.swift in Sources */,
				8AE56E912CE595680072CEF3 /* DeferredExampleView.swift in Sources */,
				8AE56EA62CE6EF5C0072CEF3 /* FormErrorMessage.swift in Sources */,
				8A0CE6702CEAB40500A3C2CF /* GraphSampleViewModel.swift in Sources */,
				8AE56E8B2CE55C840072CEF3 /* SequencePublisherView.swift in Sources */,
				8AE56E652CE547CB0072CEF3 /* SwiftUICombine.xcdatamodeld in Sources */,
				8AE56EA92CE6F45F0072CEF3 /* String+Extensions.swift in Sources */,
				8AE56EA22CE6D5A20072CEF3 /* FormTextField.swift in Sources */,
				8AE56E8D2CE58C9E0072CEF3 /* PassthroughSubjectView.swift in Sources */,
				8AE56E9B2CE686DF0072CEF3 /* RemoveDuplicatesExampleView.swift in Sources */,
				8AE56EAB2CE6F8730072CEF3 /* FormExampleViewModel.swift in Sources */,
				8A0CE66E2CEAADB100A3C2CF /* LineGraphSample.swift in Sources */,
				8A0CE68E2CEC028400A3C2CF /* FormTitle.swift in Sources */,
				8AE56E952CE5B8880072CEF3 /* FlatMapExampleView.swift in Sources */,
				8A0CE6722CEAB42900A3C2CF /* GraphSampleSalesData.swift in Sources */,
				8AE56E972CE5BC120072CEF3 /* FilterExampleView.swift in Sources */,
			);
			runOnlyForDeploymentPostprocessing = 0;
		};
		8AE56E662CE547CB0072CEF3 /* Sources */ = {
			isa = PBXSourcesBuildPhase;
			buildActionMask = 2147483647;
			files = (
				8AE56E6F2CE547CB0072CEF3 /* SwiftUICombineTests.swift in Sources */,
			);
			runOnlyForDeploymentPostprocessing = 0;
		};
		8AE56E702CE547CB0072CEF3 /* Sources */ = {
			isa = PBXSourcesBuildPhase;
			buildActionMask = 2147483647;
			files = (
				8AE56E7B2CE547CB0072CEF3 /* SwiftUICombineUITestsLaunchTests.swift in Sources */,
				8AE56E792CE547CB0072CEF3 /* SwiftUICombineUITests.swift in Sources */,
			);
			runOnlyForDeploymentPostprocessing = 0;
		};
/* End PBXSourcesBuildPhase section */

/* Begin PBXTargetDependency section */
		8AE56E6C2CE547CB0072CEF3 /* PBXTargetDependency */ = {
			isa = PBXTargetDependency;
			target = 8AE56E542CE547C80072CEF3 /* SwiftUICombine */;
			targetProxy = 8AE56E6B2CE547CB0072CEF3 /* PBXContainerItemProxy */;
		};
		8AE56E762CE547CB0072CEF3 /* PBXTargetDependency */ = {
			isa = PBXTargetDependency;
			target = 8AE56E542CE547C80072CEF3 /* SwiftUICombine */;
			targetProxy = 8AE56E752CE547CB0072CEF3 /* PBXContainerItemProxy */;
		};
/* End PBXTargetDependency section */

/* Begin XCBuildConfiguration section */
		8AE56E7C2CE547CB0072CEF3 /* Debug */ = {
			isa = XCBuildConfiguration;
			buildSettings = {
				ALWAYS_SEARCH_USER_PATHS = NO;
				ASSETCATALOG_COMPILER_GENERATE_SWIFT_ASSET_SYMBOL_EXTENSIONS = YES;
				CLANG_ANALYZER_NONNULL = YES;
				CLANG_ANALYZER_NUMBER_OBJECT_CONVERSION = YES_AGGRESSIVE;
				CLANG_CXX_LANGUAGE_STANDARD = "gnu++20";
				CLANG_ENABLE_MODULES = YES;
				CLANG_ENABLE_OBJC_ARC = YES;
				CLANG_ENABLE_OBJC_WEAK = YES;
				CLANG_WARN_BLOCK_CAPTURE_AUTORELEASING = YES;
				CLANG_WARN_BOOL_CONVERSION = YES;
				CLANG_WARN_COMMA = YES;
				CLANG_WARN_CONSTANT_CONVERSION = YES;
				CLANG_WARN_DEPRECATED_OBJC_IMPLEMENTATIONS = YES;
				CLANG_WARN_DIRECT_OBJC_ISA_USAGE = YES_ERROR;
				CLANG_WARN_DOCUMENTATION_COMMENTS = YES;
				CLANG_WARN_EMPTY_BODY = YES;
				CLANG_WARN_ENUM_CONVERSION = YES;
				CLANG_WARN_INFINITE_RECURSION = YES;
				CLANG_WARN_INT_CONVERSION = YES;
				CLANG_WARN_NON_LITERAL_NULL_CONVERSION = YES;
				CLANG_WARN_OBJC_IMPLICIT_RETAIN_SELF = YES;
				CLANG_WARN_OBJC_LITERAL_CONVERSION = YES;
				CLANG_WARN_OBJC_ROOT_CLASS = YES_ERROR;
				CLANG_WARN_QUOTED_INCLUDE_IN_FRAMEWORK_HEADER = YES;
				CLANG_WARN_RANGE_LOOP_ANALYSIS = YES;
				CLANG_WARN_STRICT_PROTOTYPES = YES;
				CLANG_WARN_SUSPICIOUS_MOVE = YES;
				CLANG_WARN_UNGUARDED_AVAILABILITY = YES_AGGRESSIVE;
				CLANG_WARN_UNREACHABLE_CODE = YES;
				CLANG_WARN__DUPLICATE_METHOD_MATCH = YES;
				COPY_PHASE_STRIP = NO;
				DEBUG_INFORMATION_FORMAT = dwarf;
				ENABLE_STRICT_OBJC_MSGSEND = YES;
				ENABLE_TESTABILITY = YES;
				ENABLE_USER_SCRIPT_SANDBOXING = YES;
				GCC_C_LANGUAGE_STANDARD = gnu17;
				GCC_DYNAMIC_NO_PIC = NO;
				GCC_NO_COMMON_BLOCKS = YES;
				GCC_OPTIMIZATION_LEVEL = 0;
				GCC_PREPROCESSOR_DEFINITIONS = (
					"DEBUG=1",
					"$(inherited)",
				);
				GCC_WARN_64_TO_32_BIT_CONVERSION = YES;
				GCC_WARN_ABOUT_RETURN_TYPE = YES_ERROR;
				GCC_WARN_UNDECLARED_SELECTOR = YES;
				GCC_WARN_UNINITIALIZED_AUTOS = YES_AGGRESSIVE;
				GCC_WARN_UNUSED_FUNCTION = YES;
				GCC_WARN_UNUSED_VARIABLE = YES;
				IPHONEOS_DEPLOYMENT_TARGET = 17.5;
				LOCALIZATION_PREFERS_STRING_CATALOGS = YES;
				MTL_ENABLE_DEBUG_INFO = INCLUDE_SOURCE;
				MTL_FAST_MATH = YES;
				ONLY_ACTIVE_ARCH = YES;
				SDKROOT = iphoneos;
				SWIFT_ACTIVE_COMPILATION_CONDITIONS = "DEBUG $(inherited)";
				SWIFT_OPTIMIZATION_LEVEL = "-Onone";
			};
			name = Debug;
		};
		8AE56E7D2CE547CB0072CEF3 /* Release */ = {
			isa = XCBuildConfiguration;
			buildSettings = {
				ALWAYS_SEARCH_USER_PATHS = NO;
				ASSETCATALOG_COMPILER_GENERATE_SWIFT_ASSET_SYMBOL_EXTENSIONS = YES;
				CLANG_ANALYZER_NONNULL = YES;
				CLANG_ANALYZER_NUMBER_OBJECT_CONVERSION = YES_AGGRESSIVE;
				CLANG_CXX_LANGUAGE_STANDARD = "gnu++20";
				CLANG_ENABLE_MODULES = YES;
				CLANG_ENABLE_OBJC_ARC = YES;
				CLANG_ENABLE_OBJC_WEAK = YES;
				CLANG_WARN_BLOCK_CAPTURE_AUTORELEASING = YES;
				CLANG_WARN_BOOL_CONVERSION = YES;
				CLANG_WARN_COMMA = YES;
				CLANG_WARN_CONSTANT_CONVERSION = YES;
				CLANG_WARN_DEPRECATED_OBJC_IMPLEMENTATIONS = YES;
				CLANG_WARN_DIRECT_OBJC_ISA_USAGE = YES_ERROR;
				CLANG_WARN_DOCUMENTATION_COMMENTS = YES;
				CLANG_WARN_EMPTY_BODY = YES;
				CLANG_WARN_ENUM_CONVERSION = YES;
				CLANG_WARN_INFINITE_RECURSION = YES;
				CLANG_WARN_INT_CONVERSION = YES;
				CLANG_WARN_NON_LITERAL_NULL_CONVERSION = YES;
				CLANG_WARN_OBJC_IMPLICIT_RETAIN_SELF = YES;
				CLANG_WARN_OBJC_LITERAL_CONVERSION = YES;
				CLANG_WARN_OBJC_ROOT_CLASS = YES_ERROR;
				CLANG_WARN_QUOTED_INCLUDE_IN_FRAMEWORK_HEADER = YES;
				CLANG_WARN_RANGE_LOOP_ANALYSIS = YES;
				CLANG_WARN_STRICT_PROTOTYPES = YES;
				CLANG_WARN_SUSPICIOUS_MOVE = YES;
				CLANG_WARN_UNGUARDED_AVAILABILITY = YES_AGGRESSIVE;
				CLANG_WARN_UNREACHABLE_CODE = YES;
				CLANG_WARN__DUPLICATE_METHOD_MATCH = YES;
				COPY_PHASE_STRIP = NO;
				DEBUG_INFORMATION_FORMAT = "dwarf-with-dsym";
				ENABLE_NS_ASSERTIONS = NO;
				ENABLE_STRICT_OBJC_MSGSEND = YES;
				ENABLE_USER_SCRIPT_SANDBOXING = YES;
				GCC_C_LANGUAGE_STANDARD = gnu17;
				GCC_NO_COMMON_BLOCKS = YES;
				GCC_WARN_64_TO_32_BIT_CONVERSION = YES;
				GCC_WARN_ABOUT_RETURN_TYPE = YES_ERROR;
				GCC_WARN_UNDECLARED_SELECTOR = YES;
				GCC_WARN_UNINITIALIZED_AUTOS = YES_AGGRESSIVE;
				GCC_WARN_UNUSED_FUNCTION = YES;
				GCC_WARN_UNUSED_VARIABLE = YES;
				IPHONEOS_DEPLOYMENT_TARGET = 17.5;
				LOCALIZATION_PREFERS_STRING_CATALOGS = YES;
				MTL_ENABLE_DEBUG_INFO = NO;
				MTL_FAST_MATH = YES;
				SDKROOT = iphoneos;
				SWIFT_COMPILATION_MODE = wholemodule;
				VALIDATE_PRODUCT = YES;
			};
			name = Release;
		};
		8AE56E7F2CE547CB0072CEF3 /* Debug */ = {
			isa = XCBuildConfiguration;
			buildSettings = {
				ASSETCATALOG_COMPILER_APPICON_NAME = AppIcon;
				ASSETCATALOG_COMPILER_GLOBAL_ACCENT_COLOR_NAME = AccentColor;
				CODE_SIGN_STYLE = Automatic;
				CURRENT_PROJECT_VERSION = 1;
				DEVELOPMENT_ASSET_PATHS = "\"SwiftUICombine/Preview Content\"";
				DEVELOPMENT_TEAM = M5GQYJFX4D;
				ENABLE_PREVIEWS = YES;
				GENERATE_INFOPLIST_FILE = YES;
				INFOPLIST_FILE = SwiftUICombine/Info.plist;
				INFOPLIST_KEY_UIApplicationSceneManifest_Generation = YES;
				INFOPLIST_KEY_UIApplicationSupportsIndirectInputEvents = YES;
				INFOPLIST_KEY_UILaunchScreen_Generation = YES;
				INFOPLIST_KEY_UISupportedInterfaceOrientations_iPad = "UIInterfaceOrientationPortrait UIInterfaceOrientationPortraitUpsideDown UIInterfaceOrientationLandscapeLeft UIInterfaceOrientationLandscapeRight";
				INFOPLIST_KEY_UISupportedInterfaceOrientations_iPhone = "UIInterfaceOrientationPortrait UIInterfaceOrientationLandscapeLeft UIInterfaceOrientationLandscapeRight";
				LD_RUNPATH_SEARCH_PATHS = (
					"$(inherited)",
					"@executable_path/Frameworks",
				);
				MARKETING_VERSION = 1.0;
				PRODUCT_BUNDLE_IDENTIFIER = com.forgenator.SwiftUICombine;
				PRODUCT_NAME = "$(TARGET_NAME)";
				SWIFT_EMIT_LOC_STRINGS = YES;
				SWIFT_VERSION = 5.0;
				TARGETED_DEVICE_FAMILY = "1,2";
			};
			name = Debug;
		};
		8AE56E802CE547CB0072CEF3 /* Release */ = {
			isa = XCBuildConfiguration;
			buildSettings = {
				ASSETCATALOG_COMPILER_APPICON_NAME = AppIcon;
				ASSETCATALOG_COMPILER_GLOBAL_ACCENT_COLOR_NAME = AccentColor;
				CODE_SIGN_STYLE = Automatic;
				CURRENT_PROJECT_VERSION = 1;
				DEVELOPMENT_ASSET_PATHS = "\"SwiftUICombine/Preview Content\"";
				DEVELOPMENT_TEAM = M5GQYJFX4D;
				ENABLE_PREVIEWS = YES;
				GENERATE_INFOPLIST_FILE = YES;
				INFOPLIST_FILE = SwiftUICombine/Info.plist;
				INFOPLIST_KEY_UIApplicationSceneManifest_Generation = YES;
				INFOPLIST_KEY_UIApplicationSupportsIndirectInputEvents = YES;
				INFOPLIST_KEY_UILaunchScreen_Generation = YES;
				INFOPLIST_KEY_UISupportedInterfaceOrientations_iPad = "UIInterfaceOrientationPortrait UIInterfaceOrientationPortraitUpsideDown UIInterfaceOrientationLandscapeLeft UIInterfaceOrientationLandscapeRight";
				INFOPLIST_KEY_UISupportedInterfaceOrientations_iPhone = "UIInterfaceOrientationPortrait UIInterfaceOrientationLandscapeLeft UIInterfaceOrientationLandscapeRight";
				LD_RUNPATH_SEARCH_PATHS = (
					"$(inherited)",
					"@executable_path/Frameworks",
				);
				MARKETING_VERSION = 1.0;
				PRODUCT_BUNDLE_IDENTIFIER = com.forgenator.SwiftUICombine;
				PRODUCT_NAME = "$(TARGET_NAME)";
				SWIFT_EMIT_LOC_STRINGS = YES;
				SWIFT_VERSION = 5.0;
				TARGETED_DEVICE_FAMILY = "1,2";
			};
			name = Release;
		};
		8AE56E822CE547CB0072CEF3 /* Debug */ = {
			isa = XCBuildConfiguration;
			buildSettings = {
				ALWAYS_EMBED_SWIFT_STANDARD_LIBRARIES = YES;
				BUNDLE_LOADER = "$(TEST_HOST)";
				CODE_SIGN_STYLE = Automatic;
				CURRENT_PROJECT_VERSION = 1;
				DEVELOPMENT_TEAM = M5GQYJFX4D;
				GENERATE_INFOPLIST_FILE = YES;
				IPHONEOS_DEPLOYMENT_TARGET = 17.5;
				MARKETING_VERSION = 1.0;
				PRODUCT_BUNDLE_IDENTIFIER = com.forgenator.SwiftUICombineTests;
				PRODUCT_NAME = "$(TARGET_NAME)";
				SWIFT_EMIT_LOC_STRINGS = NO;
				SWIFT_VERSION = 5.0;
				TARGETED_DEVICE_FAMILY = "1,2";
				TEST_HOST = "$(BUILT_PRODUCTS_DIR)/SwiftUICombine.app/$(BUNDLE_EXECUTABLE_FOLDER_PATH)/SwiftUICombine";
			};
			name = Debug;
		};
		8AE56E832CE547CB0072CEF3 /* Release */ = {
			isa = XCBuildConfiguration;
			buildSettings = {
				ALWAYS_EMBED_SWIFT_STANDARD_LIBRARIES = YES;
				BUNDLE_LOADER = "$(TEST_HOST)";
				CODE_SIGN_STYLE = Automatic;
				CURRENT_PROJECT_VERSION = 1;
				DEVELOPMENT_TEAM = M5GQYJFX4D;
				GENERATE_INFOPLIST_FILE = YES;
				IPHONEOS_DEPLOYMENT_TARGET = 17.5;
				MARKETING_VERSION = 1.0;
				PRODUCT_BUNDLE_IDENTIFIER = com.forgenator.SwiftUICombineTests;
				PRODUCT_NAME = "$(TARGET_NAME)";
				SWIFT_EMIT_LOC_STRINGS = NO;
				SWIFT_VERSION = 5.0;
				TARGETED_DEVICE_FAMILY = "1,2";
				TEST_HOST = "$(BUILT_PRODUCTS_DIR)/SwiftUICombine.app/$(BUNDLE_EXECUTABLE_FOLDER_PATH)/SwiftUICombine";
			};
			name = Release;
		};
		8AE56E852CE547CB0072CEF3 /* Debug */ = {
			isa = XCBuildConfiguration;
			buildSettings = {
				ALWAYS_EMBED_SWIFT_STANDARD_LIBRARIES = YES;
				CODE_SIGN_STYLE = Automatic;
				CURRENT_PROJECT_VERSION = 1;
				DEVELOPMENT_TEAM = M5GQYJFX4D;
				GENERATE_INFOPLIST_FILE = YES;
				MARKETING_VERSION = 1.0;
				PRODUCT_BUNDLE_IDENTIFIER = com.forgenator.SwiftUICombineUITests;
				PRODUCT_NAME = "$(TARGET_NAME)";
				SWIFT_EMIT_LOC_STRINGS = NO;
				SWIFT_VERSION = 5.0;
				TARGETED_DEVICE_FAMILY = "1,2";
				TEST_TARGET_NAME = SwiftUICombine;
			};
			name = Debug;
		};
		8AE56E862CE547CB0072CEF3 /* Release */ = {
			isa = XCBuildConfiguration;
			buildSettings = {
				ALWAYS_EMBED_SWIFT_STANDARD_LIBRARIES = YES;
				CODE_SIGN_STYLE = Automatic;
				CURRENT_PROJECT_VERSION = 1;
				DEVELOPMENT_TEAM = M5GQYJFX4D;
				GENERATE_INFOPLIST_FILE = YES;
				MARKETING_VERSION = 1.0;
				PRODUCT_BUNDLE_IDENTIFIER = com.forgenator.SwiftUICombineUITests;
				PRODUCT_NAME = "$(TARGET_NAME)";
				SWIFT_EMIT_LOC_STRINGS = NO;
				SWIFT_VERSION = 5.0;
				TARGETED_DEVICE_FAMILY = "1,2";
				TEST_TARGET_NAME = SwiftUICombine;
			};
			name = Release;
		};
/* End XCBuildConfiguration section */

/* Begin XCConfigurationList section */
		8AE56E502CE547C80072CEF3 /* Build configuration list for PBXProject "SwiftUICombine" */ = {
			isa = XCConfigurationList;
			buildConfigurations = (
				8AE56E7C2CE547CB0072CEF3 /* Debug */,
				8AE56E7D2CE547CB0072CEF3 /* Release */,
			);
			defaultConfigurationIsVisible = 0;
			defaultConfigurationName = Release;
		};
		8AE56E7E2CE547CB0072CEF3 /* Build configuration list for PBXNativeTarget "SwiftUICombine" */ = {
			isa = XCConfigurationList;
			buildConfigurations = (
				8AE56E7F2CE547CB0072CEF3 /* Debug */,
				8AE56E802CE547CB0072CEF3 /* Release */,
			);
			defaultConfigurationIsVisible = 0;
			defaultConfigurationName = Release;
		};
		8AE56E812CE547CB0072CEF3 /* Build configuration list for PBXNativeTarget "SwiftUICombineTests" */ = {
			isa = XCConfigurationList;
			buildConfigurations = (
				8AE56E822CE547CB0072CEF3 /* Debug */,
				8AE56E832CE547CB0072CEF3 /* Release */,
			);
			defaultConfigurationIsVisible = 0;
			defaultConfigurationName = Release;
		};
		8AE56E842CE547CB0072CEF3 /* Build configuration list for PBXNativeTarget "SwiftUICombineUITests" */ = {
			isa = XCConfigurationList;
			buildConfigurations = (
				8AE56E852CE547CB0072CEF3 /* Debug */,
				8AE56E862CE547CB0072CEF3 /* Release */,
			);
			defaultConfigurationIsVisible = 0;
			defaultConfigurationName = Release;
		};
/* End XCConfigurationList section */

/* Begin XCRemoteSwiftPackageReference section */
		8A0CE67C2CEBE16200A3C2CF /* XCRemoteSwiftPackageReference "Alamofire" */ = {
			isa = XCRemoteSwiftPackageReference;
			repositoryURL = "https://github.com/Alamofire/Alamofire";
			requirement = {
				kind = upToNextMajorVersion;
				minimumVersion = 5.10.1;
			};
		};
/* End XCRemoteSwiftPackageReference section */

/* Begin XCSwiftPackageProductDependency section */
		8A0CE67F2CEBE19700A3C2CF /* Alamofire */ = {
			isa = XCSwiftPackageProductDependency;
			package = 8A0CE67C2CEBE16200A3C2CF /* XCRemoteSwiftPackageReference "Alamofire" */;
			productName = Alamofire;
		};
/* End XCSwiftPackageProductDependency section */

/* Begin XCVersionGroup section */
		8AE56E632CE547CB0072CEF3 /* SwiftUICombine.xcdatamodeld */ = {
			isa = XCVersionGroup;
			children = (
				8AE56E642CE547CB0072CEF3 /* SwiftUICombine.xcdatamodel */,
			);
			currentVersion = 8AE56E642CE547CB0072CEF3 /* SwiftUICombine.xcdatamodel */;
			path = SwiftUICombine.xcdatamodeld;
			sourceTree = "<group>";
			versionGroupType = wrapper.xcdatamodel;
		};
/* End XCVersionGroup section */
	};
	rootObject = 8AE56E4D2CE547C80072CEF3 /* Project object */;
}
